
Microsoft Visual Studio Solution File, Format Version 12.00
# Visual Studio 15
VisualStudioVersion = 15.0.28307.168
MinimumVisualStudioVersion = 10.0.40219.1
Project("{FAE04EC0-301F-11D3-BF4B-00C04F79EFBC}") = "magazyn", "magazyn\magazyn.csproj", "{BECE558A-A5FC-4C0F-884B-5DD7974B86A4}"
EndProject
Global
	GlobalSection(SolutionConfigurationPlatforms) = preSolution
		Debug|Any CPU = Debug|Any CPU
		Release|Any CPU = Release|Any CPU
	EndGlobalSection
	GlobalSection(ProjectConfigurationPlatforms) = postSolution
		{BECE558A-A5FC-4C0F-884B-5DD7974B86A4}.Debug|Any CPU.ActiveCfg = Debug|Any CPU
		{BECE558A-A5FC-4C0F-884B-5DD7974B86A4}.Debug|Any CPU.Build.0 = Debug|Any CPU
		{BECE558A-A5FC-4C0F-884B-5DD7974B86A4}.Release|Any CPU.ActiveCfg = Release|Any CPU
		{BECE558A-A5FC-4C0F-884B-5DD7974B86A4}.Release|Any CPU.Build.0 = Release|Any CPU
	EndGlobalSection
	GlobalSection(SolutionProperties) = preSolution
		HideSolutionNode = FALSE
	EndGlobalSection
	GlobalSection(ExtensibilityGlobals) = postSolution
		SolutionGuid = {0F05602D-BA29-49C1-84D3-3290D5EF2A97}
	EndGlobalSection
EndGlobal
